
Microsoft Visual Studio Solution File, Format Version 12.00
# Visual Studio Version 17
VisualStudioVersion = 17.11.35303.130
MinimumVisualStudioVersion = 10.0.40219.1
Project("{FAE04EC0-301F-11D3-BF4B-00C04F79EFBC}") = "c-movie-database", "c-movie-database.csproj", "{2CA68851-68DE-41C1-9918-C8732BACF666}"
EndProject
Global
	GlobalSection(SolutionConfigurationPlatforms) = preSolution
		Debug|Any CPU = Debug|Any CPU
		Release|Any CPU = Release|Any CPU
	EndGlobalSection
	GlobalSection(ProjectConfigurationPlatforms) = postSolution
		{2CA68851-68DE-41C1-9918-C8732BACF666}.Debug|Any CPU.ActiveCfg = Debug|Any CPU
		{2CA68851-68DE-41C1-9918-C8732BACF666}.Debug|Any CPU.Build.0 = Debug|Any CPU
		{2CA68851-68DE-41C1-9918-C8732BACF666}.Release|Any CPU.ActiveCfg = Release|Any CPU
		{2CA68851-68DE-41C1-9918-C8732BACF666}.Release|Any CPU.Build.0 = Release|Any CPU
	EndGlobalSection
	GlobalSection(SolutionProperties) = preSolution
		HideSolutionNode = FALSE
	EndGlobalSection
	GlobalSection(ExtensibilityGlobals) = postSolution
		SolutionGuid = {04927134-CD4D-4AD5-8B05-FAC7A1EAD0E6}
	EndGlobalSection
EndGlobal
